github.com/corazawaf/coraza-wasilibs v0.0.0-20230408002644-e2e3af21f503 h1:hGXspDwUBHQUne1NT2D6PmkR9wFCXsibjaJpz7xhf+g=
github.com/corazawaf/coraza-wasilibs v0.0.0-20230408002644-e2e3af21f503/go.mod h1:bTc+NV7T2wQevFQHDDWhD/+IAA5bvKbbK4CxzfvJx/o=
github.com/corazawaf/coraza/v3 v3.0.0-rc.1.0.20230407165813-a18681b1ec28 h1:Jrlvhe4YCR/PMCazDEBeun/XTYhlzczBN0WN4/ejORo=
github.com/corazawaf/coraza/v3 v3.0.0-rc.1.0.20230407165813-a18681b1ec28/go.mod h1:TKREBLh55w3SiBbLsQpH9EFzjBAmEUH4KRaZ/kFYz20=
github.com/corazawaf/libinjection-go v0.1.2 h1:oeiV9pc5rvJ+2oqOqXEAMJousPpGiup6f7Y3nZj5GoM=
github.com/corazawaf/libinjection-go v0.1.2/go.mod h1:OP4TM7xdJ2skyXqNX1AN1wN5nNZEmJNuWbNPOItn7aw=
github.com/davecgh/go-spew v1.1.1 h1:vj9j/u1bqnvCEfJOwUhtlOARqs3+rkHYY13jYWTU97c=
github.com/foxcpp/go-mockdns v1.0.0 h1:7jBqxd3WDWwi/6WhDvacvH1XsN3rOLXyHM1uhvIx6FI=
github.com/google/uuid v1.3.0 h1:t6JiXgmwXMjEs8VusXIJk2BXHsn+wx8BZdTaoZ5fu7I=
github.com/google/uuid v1.3.0/go.mod h1:TIyPZe4MgqvfeYDBFedMoGGpEw/LqOeaOT+nhxU+yHo=
github.com/higress-group/nottinygc v0.0.0-20231101025119-e93c4c2f8520 h1:IHDghbGQ2DTIXHBHxWfqCYQW1fKjyJ/I7W1pMyUDeEA=
github.com/higress-group/nottinygc v0.0.0-20231101025119-e93c4c2f8520/go.mod h1:Nz8ORLaFiLWotg6GeKlJMhv8cci8mM43uEnLA5t8iew=
github.com/higress-group/proxy-wasm-go-sdk v0.0.0-20240318034951-d5306e367c43 h1:dCw7F/9ciw4NZN7w68wQRaygZ2zGOWMTIEoRvP1tlWs=
github.com/higress-group/proxy-wasm-go-sdk v0.0.0-20240318034951-d5306e367c43/go.mod h1:hNFjhrLUIq+kJ9bOcs8QtiplSQ61GZXtd2xHKx4BYRo=
github.com/higress-group/proxy-wasm-go-sdk v0.0.0-20240327114451-d6b7174a84fc/go.mod h1:hNFjhrLUIq+kJ9bOcs8QtiplSQ61GZXtd2xHKx4BYRo=
github.com/higress-group/proxy-wasm-go-sdk v0.0.0-20240711023527-ba358c48772f/go.mod h1:hNFjhrLUIq+kJ9bOcs8QtiplSQ61GZXtd2xHKx4BYRo=
github.com/magefile/mage v1.14.0 h1:6QDX3g6z1YvJ4olPhT1wksUcSa/V0a1B+pJb73fBjyo=
github.com/magefile/mage v1.14.0/go.mod h1:z5UZb/iS3GoOSn0JgWuiw7dxlurVYTu+/jHXqQg881A=
github.com/miekg/dns v1.1.50 h1:DQUfb9uc6smULcREF09Uc+/Gd46YWqJd5DbpPE9xkcA=
github.com/petar-dambovaliev/aho-corasick v0.0.0-20211021192214-5ab2d9280aa9 h1:lL+y4Xv20pVlCGyLzNHRC0I0rIHhIL1lTvHizoS/dU8=
github.com/petar-dambovaliev/aho-corasick v0.0.0-20211021192214-5ab2d9280aa9/go.mod h1:EHPiTAKtiFmrMldLUNswFwfZ2eJIYBHktdaUTZxYWRw=
github.com/pmezard/go-difflib v1.0.0 h1:4DBwDE0NGyQoBHbLQYPwSUPoCMWR5BEzIk/f1lZbAQM=
github.com/stretchr/testify v1.8.4 h1:CcVxjf3Q8PM0mHUKJCdn+eZZtm5yQwehR5yeSVQQcUk=
github.com/tetratelabs/wazero v1.6.0 h1:z0H1iikCdP8t+q341xqepY4EWvHEw8Es7tlqiVzlP3g=
github.com/tetratelabs/wazero v1.6.0/go.mod h1:0U0G41+ochRKoPKCJlh0jMg1CHkyfK8kDqiirMmKY8A=
github.com/tidwall/gjson v1.14.4 h1:uo0p8EbA09J7RQaflQ1aBRffTR7xedD2bcIVSYxLnkM=
github.com/tidwall/gjson v1.14.4/go.mod h1:/wbyibRr2FHMks5tjHJ5F8dMZh3AcwJEMf5vlfC0lxk=
github.com/tidwall/match v1.1.1 h1:+Ho715JplO36QYgwN9PGYNhgZvoUSc9X2c80KVTi+GA=
github.com/tidwall/match v1.1.1/go.mod h1:eRSPERbgtNPcGhD8UCthc6PmLEQXEWd3PRB5JTxsfmM=
github.com/tidwall/pretty v1.2.0/go.mod h1:ITEVvHYasfjBbM0u2Pg8T2nJnzm8xPwvNhhsoaGGjNU=
github.com/tidwall/pretty v1.2.1 h1:qjsOFOWWQl+N3RsoF5/ssm1pHmJJwhjlSbZ51I6wMl4=
github.com/tidwall/pretty v1.2.1/go.mod h1:ITEVvHYasfjBbM0u2Pg8T2nJnzm8xPwvNhhsoaGGjNU=
github.com/tidwall/resp v0.1.1 h1:Ly20wkhqKTmDUPlyM1S7pWo5kk0tDu8OoC/vFArXmwE=
github.com/tidwall/resp v0.1.1/go.mod h1:3/FrruOBAxPTPtundW0VXgmsQ4ZBA0Aw714lVYgwFa0=
github.com/wasilibs/go-aho-corasick v0.3.0 h1:ScfPQhAwop/ELIkwY0dfMTFb/bwOdYI/MB3mkX2WOZI=
github.com/wasilibs/go-aho-corasick v0.3.0/go.mod h1:LKW6EW9NWuWYE8PII+sFpRbbY3UcrMUgfUTkGaoWyMY=
github.com/wasilibs/go-libinjection v0.2.1 h1:1aSwyE4oNpPGpFw3i3hoM15sF3qn1s4P0jC2jgFM2Qk=
github.com/wasilibs/go-libinjection v0.2.1/go.mod h1:ZUoVe+HLQYq+QPBNTSgg3fxGvZsvXiDbi0UomBlsGzo=
github.com/wasilibs/go-re2 v1.0.0 h1:pvrqtMzZgTMHVPfXJrk4YZwiqIXOKdfo5aed6CzUAW4=
github.com/wasilibs/go-re2 v1.0.0/go.mod h1:8g69JapfgjSCx49dKOQij1dqA3sOvoH5NteaUy1X0SA=
github.com/wasilibs/nottinygc v0.2.0 h1:cXz2Ac9bVMLkpuOlUlPQMWowjw0K2cOErXZOFdAj7yE=
golang.org/x/mod v0.8.0 h1:LUYupSeNrTNCGzR/hVBk2NHZO4hXcVaW1k4Qx7rjPx8=
golang.org/x/net v0.9.0 h1:aWJ/m6xSmxWBx+V0XRHTlrYrPG56jKsLdTFmsSsCzOM=
golang.org/x/net v0.9.0/go.mod h1:d48xBJpPfHeWQsugry2m+kC02ZBRGRgulfHnEXEuWns=
golang.org/x/sys v0.7.0 h1:3jlCCIQZPdOYu1h8BkNvLz8Kgwtae2cagcG/VamtZRU=
golang.org/x/tools v0.6.0 h1:BOw41kyTf3PuCW1pVQf8+Cyg8pMlkYB1oo9iJ6D/lKM=
gopkg.in/yaml.v3 v3.0.1 h1:fxVm/GzAzEWqLHuvctI91KS9hhNmmWOoWu0XTYJS7CA=
rsc.io/binaryregexp v0.2.0 h1:HfqmD5MEmC0zvwBuF187nq9mdnXjXsSivRiXN7SmRkE=
rsc.io/binaryregexp v0.2.0/go.mod h1:qTv7/COck+e2FymRvadv62gMdZztPaShugOCi3I+8D8=
