{
  "name": "custom-response",
  "version": "1.0.0",
  "lockfileVersion": 3,
  "requires": true,
  "packages": {
    "": {
      "name": "custom-response",
      "version": "1.0.0",
      "license": "ISC",
      "devDependencies": {
        "@higress/proxy-wasm-assemblyscript-sdk": "^0.0.2",
        "@higress/wasm-assemblyscript": "^0.0.4",
        "assemblyscript": "^0.27.29",
        "assemblyscript-json": "^1.1.0"
      }
    },
    "node_modules/@higress/proxy-wasm-assemblyscript-sdk": {
      "version": "0.0.2",
      "resolved": "https://registry.npmmirror.com/@higress/proxy-wasm-assemblyscript-sdk/-/proxy-wasm-assemblyscript-sdk-0.0.2.tgz",
      "integrity": "sha512-0J1tFJMTE6o37JpGJBLq0wc5kBC/fpbISrP+KFb4bAEeshu6daXzD2P3bAfJXmW+oZdY0WGptTGXWx8pf9Fk+g==",
      "dev": true
    },
    "node_modules/@higress/wasm-assemblyscript": {
      "version": "0.0.4",
      "resolved": "https://registry.npmjs.org/@higress/wasm-assemblyscript/-/wasm-assemblyscript-0.0.4.tgz",
      "integrity": "sha512-F9m3fHBeM0OFWWHekTcmj3dVh7I4pbzf0oIioVdArD2oSUgpCZ8ur8E/9r7JR3WVwn2/l0A3LRSBOJTzQnHtMw==",
      "dev": true
    },
    "node_modules/assemblyscript": {
      "version": "0.27.29",
      "resolved": "https://registry.npmmirror.com/assemblyscript/-/assemblyscript-0.27.29.tgz",
      "integrity": "sha512-pH6udb7aE2F0t6cTh+0uCepmucykhMnAmm7k0kkAU3SY7LvpIngEBZWM6p5VCguu4EpmKGwEuZpZbEXzJ/frHQ==",
      "dev": true,
      "dependencies": {
        "binaryen": "116.0.0-nightly.20240114",
        "long": "^5.2.1"
      },
      "bin": {
        "asc": "bin/asc.js",
        "asinit": "bin/asinit.js"
      },
      "engines": {
        "node": ">=16",
        "npm": ">=7"
      },
      "funding": {
        "type": "opencollective",
        "url": "https://opencollective.com/assemblyscript"
      }
    },
    "node_modules/assemblyscript-json": {
      "version": "1.1.0",
      "resolved": "https://registry.npmmirror.com/assemblyscript-json/-/assemblyscript-json-1.1.0.tgz",
      "integrity": "sha512-UbE8ts8csTWQgd5TnSPN7MRV9NveuHv1bVnKmDLoo/tzjqxkmsZb3lu59Uk8H7SGoqdkDSEE049alx/nHnSdFw==",
      "dev": true
    },
    "node_modules/binaryen": {
      "version": "116.0.0-nightly.20240114",
      "resolved": "https://registry.npmmirror.com/binaryen/-/binaryen-116.0.0-nightly.20240114.tgz",
      "integrity": "sha512-0GZrojJnuhoe+hiwji7QFaL3tBlJoA+KFUN7ouYSDGZLSo9CKM8swQX8n/UcbR0d1VuZKU+nhogNzv423JEu5A==",
      "dev": true,
      "bin": {
        "wasm-opt": "bin/wasm-opt",
        "wasm2js": "bin/wasm2js"
      }
    },
    "node_modules/long": {
      "version": "5.2.3",
      "resolved": "https://registry.npmmirror.com/long/-/long-5.2.3.tgz",
      "integrity": "sha512-lcHwpNoggQTObv5apGNCTdJrO69eHOZMi4BNC+rTLER8iHAqGrUVeLh/irVIM7zTw2bOXA8T6uNPeujwOLg/2Q==",
      "dev": true
    }
  }
}
