github.com/WeixinX/higress/plugins/wasm-go v0.0.0-20230911073755-f281286d0cdb/go.mod h1:shD9qvrDS6xklAVjKYho8kHIVdW4A1vhNEOAL2miEEE=
github.com/google/uuid v1.3.0/go.mod h1:TIyPZe4MgqvfeYDBFedMoGGpEw/LqOeaOT+nhxU+yHo=
github.com/magefile/mage v1.14.0/go.mod h1:z5UZb/iS3GoOSn0JgWuiw7dxlurVYTu+/jHXqQg881A=
github.com/pkg/errors v0.9.1/go.mod h1:bwawxfHBFNV+L2hUp1rHADufV3IMtnDRdf1r5NINEl0=
github.com/tetratelabs/proxy-wasm-go-sdk v0.22.0/go.mod h1:qkW5MBz2jch2u8bS59wws65WC+Gtx3x0aPUX5JL7CXI=
github.com/tidwall/gjson v1.14.3/go.mod h1:/wbyibRr2FHMks5tjHJ5F8dMZh3AcwJEMf5vlfC0lxk=
github.com/tidwall/match v1.1.1/go.mod h1:eRSPERbgtNPcGhD8UCthc6PmLEQXEWd3PRB5JTxsfmM=
github.com/tidwall/pretty v1.2.0/go.mod h1:ITEVvHYasfjBbM0u2Pg8T2nJnzm8xPwvNhhsoaGGjNU=
github.com/wasilibs/nottinygc v0.3.0/go.mod h1:oDcIotskuYNMpqMF23l7Z8uzD4TC0WXHK8jetlB3HIo=
