github.com/alibaba/higress/plugins/wasm-go v0.0.0-20221116034346-4eb91e6918b8 h1:mpxRyDnAED+3xv5Lx92jVJZyEm1lKlTpryNnGK/Ikz4=
github.com/alibaba/higress/plugins/wasm-go v0.0.0-20221116034346-4eb91e6918b8/go.mod h1:JZEtmL2/oa24moc8fVXug1gMsOd/dnQM38e3pR5tZ/M=
github.com/cespare/xxhash/v2 v2.1.2/go.mod h1:VGX0DQ3Q6kWi7AoAeZDth3/j3BFtOZR5XLFGgcrjCOs=
github.com/davecgh/go-spew v1.1.1 h1:vj9j/u1bqnvCEfJOwUhtlOARqs3+rkHYY13jYWTU97c=
github.com/dgryski/go-rendezvous v0.0.0-20200823014737-9f7001d12a5f/go.mod h1:cuUVRXasLTGF7a8hSLbxyZXjz+1KgoB3wDUb6vlszIc=
github.com/go-redis/redis v6.15.9+incompatible/go.mod h1:NAIEuMOZ/fxfXJIrKDQDz8wamY7mA7PouImQ2Jvg6kA=
github.com/go-redis/redis/v8 v8.11.5/go.mod h1:gREzHqY1hg6oD9ngVRbLStwAWKhA0FEgq8Jd4h5lpwo=
github.com/google/uuid v1.3.0 h1:t6JiXgmwXMjEs8VusXIJk2BXHsn+wx8BZdTaoZ5fu7I=
github.com/google/uuid v1.3.0/go.mod h1:TIyPZe4MgqvfeYDBFedMoGGpEw/LqOeaOT+nhxU+yHo=
github.com/mse-group/wasm-extensions-go v1.0.0 h1:hYkU8sIs8/rTEThrG8kEl8woh3tklEWeljGJS11rJe0=
github.com/mse-group/wasm-extensions-go v1.0.0/go.mod h1:N9MtZ4Oreog4gx67BBVJGM+cl/SgRy1Vm5OEKidQEYM=
github.com/mse-group/wasm-extensions-go v1.0.1 h1:9AotUmzsc6R0X8uezQj3OHgId0YCNPCPubXT+8ciY0E=
github.com/mse-group/wasm-extensions-go v1.0.1/go.mod h1:N9MtZ4Oreog4gx67BBVJGM+cl/SgRy1Vm5OEKidQEYM=
github.com/pmezard/go-difflib v1.0.0 h1:4DBwDE0NGyQoBHbLQYPwSUPoCMWR5BEzIk/f1lZbAQM=
github.com/stretchr/testify v1.8.0 h1:pSgiaMZlXftHpm5L7V1+rVB+AZJydKsMxsQBIJw4PKk=
github.com/tetratelabs/proxy-wasm-go-sdk v0.19.1-0.20220822060051-f9d179a57f8c h1:OCUFXVGixHLfNjg6/QYEhv+jHJ5mRGhpEUVFv9eWPJE=
github.com/tetratelabs/proxy-wasm-go-sdk v0.19.1-0.20220822060051-f9d179a57f8c/go.mod h1:5t/pWFNJ9eMyu/K/Z+OeGhDJ9sN9eCo8fc2pyM/Qjg4=
github.com/tidwall/gjson v1.14.3 h1:9jvXn7olKEHU1S9vwoMGliaT8jq1vJ7IH/n9zD9Dnlw=
github.com/tidwall/gjson v1.14.3/go.mod h1:/wbyibRr2FHMks5tjHJ5F8dMZh3AcwJEMf5vlfC0lxk=
github.com/tidwall/match v1.1.1 h1:+Ho715JplO36QYgwN9PGYNhgZvoUSc9X2c80KVTi+GA=
github.com/tidwall/match v1.1.1/go.mod h1:eRSPERbgtNPcGhD8UCthc6PmLEQXEWd3PRB5JTxsfmM=
github.com/tidwall/pretty v1.2.0 h1:RWIZEg2iJ8/g6fDDYzMpobmaoGh5OLl4AXtGUGPcqCs=
github.com/tidwall/pretty v1.2.0/go.mod h1:ITEVvHYasfjBbM0u2Pg8T2nJnzm8xPwvNhhsoaGGjNU=
gopkg.in/yaml.v3 v3.0.1 h1:fxVm/GzAzEWqLHuvctI91KS9hhNmmWOoWu0XTYJS7CA=
