dependencies:
- name: higress-core
  repository: file://../core
  version: 1.0.0-rc
- name: higress-console
  repository: https://higress.io/helm-charts/
  version: 1.0.0-rc.2
digest: sha256:6cd5c09946a6d365b03fe9bd5e8cf266bc8bdc94017fae8703920a2cb700e4f7
generated: "2023-05-09T17:16:27.7257491+08:00"
