dependencies:
- name: higress-core
  repository: file://../core
  version: 1.0.0-rc
- name: higress-console
  repository: https://higress.io/helm-charts/
  version: 1.0.0-rc
digest: sha256:e22d3f977aec759e23f035bad2cdff643e5f670788872316234701f6d0d91418
generated: "2023-05-08T09:40:35.6095006+08:00"
