github.com/alibaba/higress/plugins/wasm-go v0.0.0-20230619024848-7d2a05ef1c35 h1:9xBMl8mJ5CGE1ebqtx9s11zrKJHs0559Yf/QWFh0WIQ=
github.com/alibaba/higress/plugins/wasm-go v0.0.0-20230619024848-7d2a05ef1c35/go.mod h1:AzSnkuon5c26nIePTiJQIAFsKdhkNdncLcTuahpGtQs=
github.com/alibaba/higress/plugins/wasm-go v0.0.0-20230629030002-81e467b6242d h1:PyBnIfssGRMKvBf6wKH11Z1t+X1Z7qegD1pAO60sFrk=
github.com/alibaba/higress/plugins/wasm-go v0.0.0-20230629030002-81e467b6242d/go.mod h1:AzSnkuon5c26nIePTiJQIAFsKdhkNdncLcTuahpGtQs=
github.com/davecgh/go-spew v1.1.1 h1:vj9j/u1bqnvCEfJOwUhtlOARqs3+rkHYY13jYWTU97c=
github.com/google/uuid v1.3.0 h1:t6JiXgmwXMjEs8VusXIJk2BXHsn+wx8BZdTaoZ5fu7I=
github.com/google/uuid v1.3.0/go.mod h1:TIyPZe4MgqvfeYDBFedMoGGpEw/LqOeaOT+nhxU+yHo=
github.com/pmezard/go-difflib v1.0.0 h1:4DBwDE0NGyQoBHbLQYPwSUPoCMWR5BEzIk/f1lZbAQM=
github.com/stretchr/testify v1.8.0 h1:pSgiaMZlXftHpm5L7V1+rVB+AZJydKsMxsQBIJw4PKk=
github.com/tetratelabs/proxy-wasm-go-sdk v0.19.1-0.20220822060051-f9d179a57f8c h1:OCUFXVGixHLfNjg6/QYEhv+jHJ5mRGhpEUVFv9eWPJE=
github.com/tetratelabs/proxy-wasm-go-sdk v0.19.1-0.20220822060051-f9d179a57f8c/go.mod h1:5t/pWFNJ9eMyu/K/Z+OeGhDJ9sN9eCo8fc2pyM/Qjg4=
github.com/tetratelabs/proxy-wasm-go-sdk v0.22.0 h1:kS7BvMKN+FiptV4pfwiNX8e3q14evxAWkhYbxt8EI1M=
github.com/tetratelabs/proxy-wasm-go-sdk v0.22.0/go.mod h1:qkW5MBz2jch2u8bS59wws65WC+Gtx3x0aPUX5JL7CXI=
github.com/tidwall/gjson v1.14.3 h1:9jvXn7olKEHU1S9vwoMGliaT8jq1vJ7IH/n9zD9Dnlw=
github.com/tidwall/gjson v1.14.3/go.mod h1:/wbyibRr2FHMks5tjHJ5F8dMZh3AcwJEMf5vlfC0lxk=
github.com/tidwall/gjson v1.14.4 h1:uo0p8EbA09J7RQaflQ1aBRffTR7xedD2bcIVSYxLnkM=
github.com/tidwall/gjson v1.14.4/go.mod h1:/wbyibRr2FHMks5tjHJ5F8dMZh3AcwJEMf5vlfC0lxk=
github.com/tidwall/match v1.1.1 h1:+Ho715JplO36QYgwN9PGYNhgZvoUSc9X2c80KVTi+GA=
github.com/tidwall/match v1.1.1/go.mod h1:eRSPERbgtNPcGhD8UCthc6PmLEQXEWd3PRB5JTxsfmM=
github.com/tidwall/pretty v1.2.0 h1:RWIZEg2iJ8/g6fDDYzMpobmaoGh5OLl4AXtGUGPcqCs=
github.com/tidwall/pretty v1.2.0/go.mod h1:ITEVvHYasfjBbM0u2Pg8T2nJnzm8xPwvNhhsoaGGjNU=
gopkg.in/yaml.v3 v3.0.1 h1:fxVm/GzAzEWqLHuvctI91KS9hhNmmWOoWu0XTYJS7CA=
