github.com/davecgh/go-spew v1.1.1 h1:vj9j/u1bqnvCEfJOwUhtlOARqs3+rkHYY13jYWTU97c=
github.com/google/uuid v1.3.0 h1:t6JiXgmwXMjEs8VusXIJk2BXHsn+wx8BZdTaoZ5fu7I=
github.com/google/uuid v1.3.0/go.mod h1:TIyPZe4MgqvfeYDBFedMoGGpEw/LqOeaOT+nhxU+yHo=
github.com/higress-group/nottinygc v0.0.0-20231101025119-e93c4c2f8520 h1:IHDghbGQ2DTIXHBHxWfqCYQW1fKjyJ/I7W1pMyUDeEA=
github.com/higress-group/nottinygc v0.0.0-20231101025119-e93c4c2f8520/go.mod h1:Nz8ORLaFiLWotg6GeKlJMhv8cci8mM43uEnLA5t8iew=
github.com/higress-group/proxy-wasm-go-sdk v0.0.0-20240226064518-b3dc4646a35a h1:luYRvxLTE1xYxrXYj7nmjd1U0HHh8pUPiKfdZ0MhCGE=
github.com/higress-group/proxy-wasm-go-sdk v0.0.0-20240226064518-b3dc4646a35a/go.mod h1:hNFjhrLUIq+kJ9bOcs8QtiplSQ61GZXtd2xHKx4BYRo=
github.com/higress-group/proxy-wasm-go-sdk v0.0.0-20240318034951-d5306e367c43/go.mod h1:hNFjhrLUIq+kJ9bOcs8QtiplSQ61GZXtd2xHKx4BYRo=
github.com/higress-group/proxy-wasm-go-sdk v0.0.0-20240327114451-d6b7174a84fc/go.mod h1:hNFjhrLUIq+kJ9bOcs8QtiplSQ61GZXtd2xHKx4BYRo=
github.com/higress-group/proxy-wasm-go-sdk v0.0.0-20240711023527-ba358c48772f/go.mod h1:hNFjhrLUIq+kJ9bOcs8QtiplSQ61GZXtd2xHKx4BYRo=
github.com/higress-group/proxy-wasm-go-sdk v1.0.0/go.mod h1:iiSyFbo+rAtbtGt/bsefv8GU57h9CCLYGJA74/tF5/0=
github.com/magefile/mage v1.14.0 h1:6QDX3g6z1YvJ4olPhT1wksUcSa/V0a1B+pJb73fBjyo=
github.com/magefile/mage v1.14.0/go.mod h1:z5UZb/iS3GoOSn0JgWuiw7dxlurVYTu+/jHXqQg881A=
github.com/pmezard/go-difflib v1.0.0 h1:4DBwDE0NGyQoBHbLQYPwSUPoCMWR5BEzIk/f1lZbAQM=
github.com/stretchr/testify v1.8.4 h1:CcVxjf3Q8PM0mHUKJCdn+eZZtm5yQwehR5yeSVQQcUk=
github.com/tidwall/gjson v1.14.4 h1:uo0p8EbA09J7RQaflQ1aBRffTR7xedD2bcIVSYxLnkM=
github.com/tidwall/gjson v1.14.4/go.mod h1:/wbyibRr2FHMks5tjHJ5F8dMZh3AcwJEMf5vlfC0lxk=
github.com/tidwall/gjson v1.17.3/go.mod h1:/wbyibRr2FHMks5tjHJ5F8dMZh3AcwJEMf5vlfC0lxk=
github.com/tidwall/match v1.1.1 h1:+Ho715JplO36QYgwN9PGYNhgZvoUSc9X2c80KVTi+GA=
github.com/tidwall/match v1.1.1/go.mod h1:eRSPERbgtNPcGhD8UCthc6PmLEQXEWd3PRB5JTxsfmM=
github.com/tidwall/pretty v1.2.0 h1:RWIZEg2iJ8/g6fDDYzMpobmaoGh5OLl4AXtGUGPcqCs=
github.com/tidwall/pretty v1.2.0/go.mod h1:ITEVvHYasfjBbM0u2Pg8T2nJnzm8xPwvNhhsoaGGjNU=
github.com/tidwall/resp v0.1.1 h1:Ly20wkhqKTmDUPlyM1S7pWo5kk0tDu8OoC/vFArXmwE=
github.com/tidwall/resp v0.1.1/go.mod h1:3/FrruOBAxPTPtundW0VXgmsQ4ZBA0Aw714lVYgwFa0=
gopkg.in/yaml.v3 v3.0.1 h1:fxVm/GzAzEWqLHuvctI91KS9hhNmmWOoWu0XTYJS7CA=
