github.com/google/uuid v1.3.0/go.mod h1:TIyPZe4MgqvfeYDBFedMoGGpEw/LqOeaOT+nhxU+yHo=
github.com/higress-group/nottinygc v0.0.0-20231101025119-e93c4c2f8520/go.mod h1:Nz8ORLaFiLWotg6GeKlJMhv8cci8mM43uEnLA5t8iew=
github.com/higress-group/proxy-wasm-go-sdk v0.0.0-20240318034951-d5306e367c43/go.mod h1:hNFjhrLUIq+kJ9bOcs8QtiplSQ61GZXtd2xHKx4BYRo=
github.com/higress-group/proxy-wasm-go-sdk v0.0.0-20240327114451-d6b7174a84fc/go.mod h1:hNFjhrLUIq+kJ9bOcs8QtiplSQ61GZXtd2xHKx4BYRo=
github.com/higress-group/proxy-wasm-go-sdk v0.0.0-20240711023527-ba358c48772f/go.mod h1:hNFjhrLUIq+kJ9bOcs8QtiplSQ61GZXtd2xHKx4BYRo=
github.com/magefile/mage v1.14.0/go.mod h1:z5UZb/iS3GoOSn0JgWuiw7dxlurVYTu+/jHXqQg881A=
github.com/tidwall/gjson v1.14.3/go.mod h1:/wbyibRr2FHMks5tjHJ5F8dMZh3AcwJEMf5vlfC0lxk=
github.com/tidwall/match v1.1.1/go.mod h1:eRSPERbgtNPcGhD8UCthc6PmLEQXEWd3PRB5JTxsfmM=
github.com/tidwall/pretty v1.2.0/go.mod h1:ITEVvHYasfjBbM0u2Pg8T2nJnzm8xPwvNhhsoaGGjNU=
github.com/tidwall/resp v0.1.1/go.mod h1:3/FrruOBAxPTPtundW0VXgmsQ4ZBA0Aw714lVYgwFa0=
